
Microsoft Visual Studio Solution File, Format Version 12.00
# Visual Studio Version 16
VisualStudioVersion = 16.0.29409.12
MinimumVisualStudioVersion = 10.0.40219.1
Project("{9A19103F-16F7-4668-BE54-9A1E7A4F7556}") = "JsonPatchDocument.Mapper", "JsonPatchDocument.Mapper\JsonPatchDocument.Mapper.csproj", "{4ED721F7-A7B9-49E0-9770-BDB344A87325}"
EndProject
Project("{9A19103F-16F7-4668-BE54-9A1E7A4F7556}") = "JsonPatchDocument.Mapper.Tests", "JasonPatchDocument.Mapper.Tests\JsonPatchDocument.Mapper.Tests.csproj", "{8AE222E2-C013-48E5-AEFF-2B5427C7A9BF}"
EndProject
Global
	GlobalSection(SolutionConfigurationPlatforms) = preSolution
		Debug|Any CPU = Debug|Any CPU
		Release|Any CPU = Release|Any CPU
	EndGlobalSection
	GlobalSection(ProjectConfigurationPlatforms) = postSolution
		{4ED721F7-A7B9-49E0-9770-BDB344A87325}.Debug|Any CPU.ActiveCfg = Debug|Any CPU
		{4ED721F7-A7B9-49E0-9770-BDB344A87325}.Debug|Any CPU.Build.0 = Debug|Any CPU
		{4ED721F7-A7B9-49E0-9770-BDB344A87325}.Release|Any CPU.ActiveCfg = Release|Any CPU
		{4ED721F7-A7B9-49E0-9770-BDB344A87325}.Release|Any CPU.Build.0 = Release|Any CPU
		{8AE222E2-C013-48E5-AEFF-2B5427C7A9BF}.Debug|Any CPU.ActiveCfg = Debug|Any CPU
		{8AE222E2-C013-48E5-AEFF-2B5427C7A9BF}.Debug|Any CPU.Build.0 = Debug|Any CPU
		{8AE222E2-C013-48E5-AEFF-2B5427C7A9BF}.Release|Any CPU.ActiveCfg = Release|Any CPU
		{8AE222E2-C013-48E5-AEFF-2B5427C7A9BF}.Release|Any CPU.Build.0 = Release|Any CPU
	EndGlobalSection
	GlobalSection(SolutionProperties) = preSolution
		HideSolutionNode = FALSE
	EndGlobalSection
	GlobalSection(ExtensibilityGlobals) = postSolution
		SolutionGuid = {E4EBAA98-F214-42F6-931C-A2C8108087D2}
	EndGlobalSection
EndGlobal
